
Microsoft Visual Studio Solution File, Format Version 12.00
# Visual Studio 15
VisualStudioVersion = 15.0.27130.2036
MinimumVisualStudioVersion = 10.0.40219.1
Project("{8BC9CEB8-8B4A-11D0-8D11-00A0C91BC942}") = "atan_sum", "atan_sum.vcxproj", "{69635E5F-6E51-472C-A40C-C74CE471D997}"
EndProject
Global
	GlobalSection(SolutionConfigurationPlatforms) = preSolution
		Debug|x64 = Debug|x64
		Debug|x86 = Debug|x86
		Release|x64 = Release|x64
		Release|x86 = Release|x86
	EndGlobalSection
	GlobalSection(ProjectConfigurationPlatforms) = postSolution
		{69635E5F-6E51-472C-A40C-C74CE471D997}.Debug|x64.ActiveCfg = Debug|x64
		{69635E5F-6E51-472C-A40C-C74CE471D997}.Debug|x64.Build.0 = Debug|x64
		{69635E5F-6E51-472C-A40C-C74CE471D997}.Debug|x86.ActiveCfg = Debug|Win32
		{69635E5F-6E51-472C-A40C-C74CE471D997}.Debug|x86.Build.0 = Debug|Win32
		{69635E5F-6E51-472C-A40C-C74CE471D997}.Release|x64.ActiveCfg = Release|x64
		{69635E5F-6E51-472C-A40C-C74CE471D997}.Release|x64.Build.0 = Release|x64
		{69635E5F-6E51-472C-A40C-C74CE471D997}.Release|x86.ActiveCfg = Release|Win32
		{69635E5F-6E51-472C-A40C-C74CE471D997}.Release|x86.Build.0 = Release|Win32
	EndGlobalSection
	GlobalSection(SolutionProperties) = preSolution
		HideSolutionNode = FALSE
	EndGlobalSection
	GlobalSection(ExtensibilityGlobals) = postSolution
		SolutionGuid = {73C4C948-5920-4730-A302-C87D9BFD3979}
	EndGlobalSection
EndGlobal
